
Microsoft Visual Studio Solution File, Format Version 12.00
Project("{2150E333-8FDC-42A3-9474-1A3956D46DE8}") = "src", "src", "{3679E61E-A14C-4921-8D89-0C161FCE603C}"
EndProject
Project("{2150E333-8FDC-42A3-9474-1A3956D46DE8}") = "Common", "Common", "{6B21EE11-9C77-4762-A2A0-19C20DF95B8B}"
EndProject
Project("{2150E333-8FDC-42A3-9474-1A3956D46DE8}") = "Microservices", "Microservices", "{5C8C2DFD-D49C-40D7-83A9-B394E2CC914F}"
EndProject
Project("{FAE04EC0-301F-11D3-BF4B-00C04F79EFBC}") = "NinjaJournal.Microservice.Common", "src\Common\NinjaJournal.Microservice.Common\NinjaJournal.Microservice.Common.csproj", "{28E1423C-744E-4269-87AC-431804F0A559}"
EndProject
Project("{FAE04EC0-301F-11D3-BF4B-00C04F79EFBC}") = "NinjaJournal.Common.Logging", "src\Common\NinjaJournal.Common.Logging\NinjaJournal.Common.Logging.csproj", "{8DF30A27-2174-4DE1-81AF-B5F8C23F7674}"
EndProject
Project("{2150E333-8FDC-42A3-9474-1A3956D46DE8}") = "StudentsManagementService", "StudentsManagementService", "{D6CC9575-DB9B-4F76-BC7B-06DB0B30B243}"
EndProject
Project("{FAE04EC0-301F-11D3-BF4B-00C04F79EFBC}") = "NinjaJournal.StudentsManagement.Domain", "src\Microservices\StudentsManagementService\NinjaJournal.StudentsManagement.Domain\NinjaJournal.StudentsManagement.Domain.csproj", "{0E8A606A-B1D7-4F8E-ACC8-F1FA8D88E9D3}"
EndProject
Project("{FAE04EC0-301F-11D3-BF4B-00C04F79EFBC}") = "NinjaJournal.StudentsManagement.Infrastructure.Postgresql", "src\Microservices\StudentsManagementService\NinjaJournal.StudentsManagement.Infrastructure.Postgresql\NinjaJournal.StudentsManagement.Infrastructure.Postgresql.csproj", "{5EC07B72-14F1-4053-B708-05DC90CD60AA}"
EndProject
Project("{FAE04EC0-301F-11D3-BF4B-00C04F79EFBC}") = "NinjaJournal.Microservice.Api.AspNetCore", "src\Common\NinjaJournal.Microservice.Api.AspNetCore\NinjaJournal.Microservice.Api.AspNetCore.csproj", "{9C35DF3A-0502-4EC9-A4A5-382E167F446B}"
EndProject
Project("{FAE04EC0-301F-11D3-BF4B-00C04F79EFBC}") = "NinjaJournal.Microservice.Core", "src\Common\NinjaJournal.Microservice.Core\NinjaJournal.Microservice.Core.csproj", "{066412CE-D490-4712-A732-F19E0C849F88}"
EndProject
Project("{FAE04EC0-301F-11D3-BF4B-00C04F79EFBC}") = "NinjaJournal.Microservice.Infrastructure.Abstractions", "src\Common\NinjaJournal.Microservice.Infrastructure.Abstractions\NinjaJournal.Microservice.Infrastructure.Abstractions.csproj", "{4443B724-8723-43D4-ABDC-E12D3DAAD74F}"
EndProject
Project("{FAE04EC0-301F-11D3-BF4B-00C04F79EFBC}") = "NinjaJournal.Microservice.Infrastructure.EntityFrameworkCore", "src\Common\NinjaJournal.Microservice.Infrastructure.EntityFrameworkCore\NinjaJournal.Microservice.Infrastructure.EntityFrameworkCore.csproj", "{28DC4C6F-1906-4AB9-B826-E84A5FEF18DE}"
EndProject
Project("{FAE04EC0-301F-11D3-BF4B-00C04F79EFBC}") = "NinjaJournal.StudentsManagement.Api", "src\Microservices\StudentsManagementService\NinjaJournal.StudentsManagement.Api\NinjaJournal.StudentsManagement.Api.csproj", "{5EA9CFC6-F6B7-4518-AE11-1DD1CC47BF65}"
EndProject
Project("{FAE04EC0-301F-11D3-BF4B-00C04F79EFBC}") = "NinjaJournal.StudentsManagement.Application", "src\Microservices\StudentsManagementService\NinjaJournal.StudentsManagement.Application\NinjaJournal.StudentsManagement.Application.csproj", "{5B31078D-411F-4C98-BB3A-5C712CA2A347}"
EndProject
Project("{FAE04EC0-301F-11D3-BF4B-00C04F79EFBC}") = "NinjaJournal.Microservice.Application.Abstractions", "src\Common\NinjaJournal.Microservice.Application.Abstractions\NinjaJournal.Microservice.Application.Abstractions.csproj", "{0E848BF5-FB12-4B5E-8DFA-DA86F4B16693}"
EndProject
Project("{FAE04EC0-301F-11D3-BF4B-00C04F79EFBC}") = "NinjaJournal.Microservice.Application", "src\Common\NinjaJournal.Microservice.Application\NinjaJournal.Microservice.Application.csproj", "{409BA47C-1F80-47F5-A97A-9D61D6419380}"
EndProject
Project("{2150E333-8FDC-42A3-9474-1A3956D46DE8}") = "Applications", "Applications", "{2730D6AF-2DDE-474C-B6AC-0B1EF9AEB801}"
EndProject
Project("{FAE04EC0-301F-11D3-BF4B-00C04F79EFBC}") = "NinjaJournal.Microservice.Api.GatewayService", "src\Applications\NinjaJournal.Microservice.Api.GatewayService\NinjaJournal.Microservice.Api.GatewayService.csproj", "{874D2A97-09BA-4CD8-8D98-6B6D34C43CFB}"
EndProject
Project("{FAE04EC0-301F-11D3-BF4B-00C04F79EFBC}") = "NinjaJournal.Microservice.Api.AuthService", "src\Applications\NinjaJournal.Microservice.Api.AuthService\NinjaJournal.Microservice.Api.AuthService.csproj", "{277CCE86-3955-4481-8A63-0DD63908E872}"
EndProject
Project("{2150E333-8FDC-42A3-9474-1A3956D46DE8}") = "IdentityMicroservice", "IdentityMicroservice", "{491C4E7E-0970-44F1-BEA2-5BE23F7B539A}"
EndProject
Project("{FAE04EC0-301F-11D3-BF4B-00C04F79EFBC}") = "NinjaJournal.IdentityService.Api", "src\Microservices\IdentityMicroservice\NinjaJournal.IdentityService.Api\NinjaJournal.IdentityService.Api.csproj", "{B72E8D9D-A7F9-4101-AB58-AE9B3EFE4F08}"
EndProject
Project("{FAE04EC0-301F-11D3-BF4B-00C04F79EFBC}") = "NinjaJournal.IdentityService.Application", "src\Microservices\IdentityMicroservice\NinjaJournal.IdentityService.Application\NinjaJournal.IdentityService.Application.csproj", "{A682ADFA-E17D-44A0-963C-4E57925CB825}"
EndProject
Project("{FAE04EC0-301F-11D3-BF4B-00C04F79EFBC}") = "NinjaJournal.IdentityService.Domain", "src\Microservices\IdentityMicroservice\NinjaJournal.IdentityService.Domain\NinjaJournal.IdentityService.Domain.csproj", "{615B8990-91BF-4964-AC19-B95F19D3327A}"
EndProject
Project("{FAE04EC0-301F-11D3-BF4B-00C04F79EFBC}") = "NinjaJournal.IdentityService.Infrastructure.Postgresql", "src\Microservices\IdentityMicroservice\NinjaJournal.IdentityService.Infrastructure.Postgresql\NinjaJournal.IdentityService.Infrastructure.Postgresql.csproj", "{10AE1472-0405-4B44-ABE6-26F47099D0BE}"
EndProject
Project("{FAE04EC0-301F-11D3-BF4B-00C04F79EFBC}") = "NinjaJournal.IdentityService.Application.Abstractions", "src\Microservices\IdentityMicroservice\NinjaJournal.IdentityService.Application.Abstractions\NinjaJournal.IdentityService.Application.Abstractions.csproj", "{5CECC05C-3328-4EDF-B3A1-473A71FEE238}"
EndProject
Global
	GlobalSection(SolutionConfigurationPlatforms) = preSolution
		Debug|Any CPU = Debug|Any CPU
		Release|Any CPU = Release|Any CPU
	EndGlobalSection
	GlobalSection(NestedProjects) = preSolution
		{6B21EE11-9C77-4762-A2A0-19C20DF95B8B} = {3679E61E-A14C-4921-8D89-0C161FCE603C}
		{5C8C2DFD-D49C-40D7-83A9-B394E2CC914F} = {3679E61E-A14C-4921-8D89-0C161FCE603C}
		{28E1423C-744E-4269-87AC-431804F0A559} = {6B21EE11-9C77-4762-A2A0-19C20DF95B8B}
		{8DF30A27-2174-4DE1-81AF-B5F8C23F7674} = {6B21EE11-9C77-4762-A2A0-19C20DF95B8B}
		{D6CC9575-DB9B-4F76-BC7B-06DB0B30B243} = {5C8C2DFD-D49C-40D7-83A9-B394E2CC914F}
		{0E8A606A-B1D7-4F8E-ACC8-F1FA8D88E9D3} = {D6CC9575-DB9B-4F76-BC7B-06DB0B30B243}
		{5EC07B72-14F1-4053-B708-05DC90CD60AA} = {D6CC9575-DB9B-4F76-BC7B-06DB0B30B243}
		{9C35DF3A-0502-4EC9-A4A5-382E167F446B} = {6B21EE11-9C77-4762-A2A0-19C20DF95B8B}
		{066412CE-D490-4712-A732-F19E0C849F88} = {6B21EE11-9C77-4762-A2A0-19C20DF95B8B}
		{4443B724-8723-43D4-ABDC-E12D3DAAD74F} = {6B21EE11-9C77-4762-A2A0-19C20DF95B8B}
		{28DC4C6F-1906-4AB9-B826-E84A5FEF18DE} = {6B21EE11-9C77-4762-A2A0-19C20DF95B8B}
		{5EA9CFC6-F6B7-4518-AE11-1DD1CC47BF65} = {D6CC9575-DB9B-4F76-BC7B-06DB0B30B243}
		{5B31078D-411F-4C98-BB3A-5C712CA2A347} = {D6CC9575-DB9B-4F76-BC7B-06DB0B30B243}
		{0E848BF5-FB12-4B5E-8DFA-DA86F4B16693} = {6B21EE11-9C77-4762-A2A0-19C20DF95B8B}
		{409BA47C-1F80-47F5-A97A-9D61D6419380} = {6B21EE11-9C77-4762-A2A0-19C20DF95B8B}
		{2730D6AF-2DDE-474C-B6AC-0B1EF9AEB801} = {3679E61E-A14C-4921-8D89-0C161FCE603C}
		{874D2A97-09BA-4CD8-8D98-6B6D34C43CFB} = {2730D6AF-2DDE-474C-B6AC-0B1EF9AEB801}
		{277CCE86-3955-4481-8A63-0DD63908E872} = {2730D6AF-2DDE-474C-B6AC-0B1EF9AEB801}
		{491C4E7E-0970-44F1-BEA2-5BE23F7B539A} = {5C8C2DFD-D49C-40D7-83A9-B394E2CC914F}
		{B72E8D9D-A7F9-4101-AB58-AE9B3EFE4F08} = {491C4E7E-0970-44F1-BEA2-5BE23F7B539A}
		{A682ADFA-E17D-44A0-963C-4E57925CB825} = {491C4E7E-0970-44F1-BEA2-5BE23F7B539A}
		{615B8990-91BF-4964-AC19-B95F19D3327A} = {491C4E7E-0970-44F1-BEA2-5BE23F7B539A}
		{10AE1472-0405-4B44-ABE6-26F47099D0BE} = {491C4E7E-0970-44F1-BEA2-5BE23F7B539A}
		{5CECC05C-3328-4EDF-B3A1-473A71FEE238} = {491C4E7E-0970-44F1-BEA2-5BE23F7B539A}
	EndGlobalSection
	GlobalSection(ProjectConfigurationPlatforms) = postSolution
		{28E1423C-744E-4269-87AC-431804F0A559}.Debug|Any CPU.ActiveCfg = Debug|Any CPU
		{28E1423C-744E-4269-87AC-431804F0A559}.Debug|Any CPU.Build.0 = Debug|Any CPU
		{28E1423C-744E-4269-87AC-431804F0A559}.Release|Any CPU.ActiveCfg = Release|Any CPU
		{28E1423C-744E-4269-87AC-431804F0A559}.Release|Any CPU.Build.0 = Release|Any CPU
		{8DF30A27-2174-4DE1-81AF-B5F8C23F7674}.Debug|Any CPU.ActiveCfg = Debug|Any CPU
		{8DF30A27-2174-4DE1-81AF-B5F8C23F7674}.Debug|Any CPU.Build.0 = Debug|Any CPU
		{8DF30A27-2174-4DE1-81AF-B5F8C23F7674}.Release|Any CPU.ActiveCfg = Release|Any CPU
		{8DF30A27-2174-4DE1-81AF-B5F8C23F7674}.Release|Any CPU.Build.0 = Release|Any CPU
		{0E8A606A-B1D7-4F8E-ACC8-F1FA8D88E9D3}.Debug|Any CPU.ActiveCfg = Debug|Any CPU
		{0E8A606A-B1D7-4F8E-ACC8-F1FA8D88E9D3}.Debug|Any CPU.Build.0 = Debug|Any CPU
		{0E8A606A-B1D7-4F8E-ACC8-F1FA8D88E9D3}.Release|Any CPU.ActiveCfg = Release|Any CPU
		{0E8A606A-B1D7-4F8E-ACC8-F1FA8D88E9D3}.Release|Any CPU.Build.0 = Release|Any CPU
		{5EC07B72-14F1-4053-B708-05DC90CD60AA}.Debug|Any CPU.ActiveCfg = Debug|Any CPU
		{5EC07B72-14F1-4053-B708-05DC90CD60AA}.Debug|Any CPU.Build.0 = Debug|Any CPU
		{5EC07B72-14F1-4053-B708-05DC90CD60AA}.Release|Any CPU.ActiveCfg = Release|Any CPU
		{5EC07B72-14F1-4053-B708-05DC90CD60AA}.Release|Any CPU.Build.0 = Release|Any CPU
		{9C35DF3A-0502-4EC9-A4A5-382E167F446B}.Debug|Any CPU.ActiveCfg = Debug|Any CPU
		{9C35DF3A-0502-4EC9-A4A5-382E167F446B}.Debug|Any CPU.Build.0 = Debug|Any CPU
		{9C35DF3A-0502-4EC9-A4A5-382E167F446B}.Release|Any CPU.ActiveCfg = Release|Any CPU
		{9C35DF3A-0502-4EC9-A4A5-382E167F446B}.Release|Any CPU.Build.0 = Release|Any CPU
		{066412CE-D490-4712-A732-F19E0C849F88}.Debug|Any CPU.ActiveCfg = Debug|Any CPU
		{066412CE-D490-4712-A732-F19E0C849F88}.Debug|Any CPU.Build.0 = Debug|Any CPU
		{066412CE-D490-4712-A732-F19E0C849F88}.Release|Any CPU.ActiveCfg = Release|Any CPU
		{066412CE-D490-4712-A732-F19E0C849F88}.Release|Any CPU.Build.0 = Release|Any CPU
		{4443B724-8723-43D4-ABDC-E12D3DAAD74F}.Debug|Any CPU.ActiveCfg = Debug|Any CPU
		{4443B724-8723-43D4-ABDC-E12D3DAAD74F}.Debug|Any CPU.Build.0 = Debug|Any CPU
		{4443B724-8723-43D4-ABDC-E12D3DAAD74F}.Release|Any CPU.ActiveCfg = Release|Any CPU
		{4443B724-8723-43D4-ABDC-E12D3DAAD74F}.Release|Any CPU.Build.0 = Release|Any CPU
		{28DC4C6F-1906-4AB9-B826-E84A5FEF18DE}.Debug|Any CPU.ActiveCfg = Debug|Any CPU
		{28DC4C6F-1906-4AB9-B826-E84A5FEF18DE}.Debug|Any CPU.Build.0 = Debug|Any CPU
		{28DC4C6F-1906-4AB9-B826-E84A5FEF18DE}.Release|Any CPU.ActiveCfg = Release|Any CPU
		{28DC4C6F-1906-4AB9-B826-E84A5FEF18DE}.Release|Any CPU.Build.0 = Release|Any CPU
		{5EA9CFC6-F6B7-4518-AE11-1DD1CC47BF65}.Debug|Any CPU.ActiveCfg = Debug|Any CPU
		{5EA9CFC6-F6B7-4518-AE11-1DD1CC47BF65}.Debug|Any CPU.Build.0 = Debug|Any CPU
		{5EA9CFC6-F6B7-4518-AE11-1DD1CC47BF65}.Release|Any CPU.ActiveCfg = Release|Any CPU
		{5EA9CFC6-F6B7-4518-AE11-1DD1CC47BF65}.Release|Any CPU.Build.0 = Release|Any CPU
		{5B31078D-411F-4C98-BB3A-5C712CA2A347}.Debug|Any CPU.ActiveCfg = Debug|Any CPU
		{5B31078D-411F-4C98-BB3A-5C712CA2A347}.Debug|Any CPU.Build.0 = Debug|Any CPU
		{5B31078D-411F-4C98-BB3A-5C712CA2A347}.Release|Any CPU.ActiveCfg = Release|Any CPU
		{5B31078D-411F-4C98-BB3A-5C712CA2A347}.Release|Any CPU.Build.0 = Release|Any CPU
		{0E848BF5-FB12-4B5E-8DFA-DA86F4B16693}.Debug|Any CPU.ActiveCfg = Debug|Any CPU
		{0E848BF5-FB12-4B5E-8DFA-DA86F4B16693}.Debug|Any CPU.Build.0 = Debug|Any CPU
		{0E848BF5-FB12-4B5E-8DFA-DA86F4B16693}.Release|Any CPU.ActiveCfg = Release|Any CPU
		{0E848BF5-FB12-4B5E-8DFA-DA86F4B16693}.Release|Any CPU.Build.0 = Release|Any CPU
		{409BA47C-1F80-47F5-A97A-9D61D6419380}.Debug|Any CPU.ActiveCfg = Debug|Any CPU
		{409BA47C-1F80-47F5-A97A-9D61D6419380}.Debug|Any CPU.Build.0 = Debug|Any CPU
		{409BA47C-1F80-47F5-A97A-9D61D6419380}.Release|Any CPU.ActiveCfg = Release|Any CPU
		{409BA47C-1F80-47F5-A97A-9D61D6419380}.Release|Any CPU.Build.0 = Release|Any CPU
		{874D2A97-09BA-4CD8-8D98-6B6D34C43CFB}.Debug|Any CPU.ActiveCfg = Debug|Any CPU
		{874D2A97-09BA-4CD8-8D98-6B6D34C43CFB}.Debug|Any CPU.Build.0 = Debug|Any CPU
		{874D2A97-09BA-4CD8-8D98-6B6D34C43CFB}.Release|Any CPU.ActiveCfg = Release|Any CPU
		{874D2A97-09BA-4CD8-8D98-6B6D34C43CFB}.Release|Any CPU.Build.0 = Release|Any CPU
		{277CCE86-3955-4481-8A63-0DD63908E872}.Debug|Any CPU.ActiveCfg = Debug|Any CPU
		{277CCE86-3955-4481-8A63-0DD63908E872}.Debug|Any CPU.Build.0 = Debug|Any CPU
		{277CCE86-3955-4481-8A63-0DD63908E872}.Release|Any CPU.ActiveCfg = Release|Any CPU
		{277CCE86-3955-4481-8A63-0DD63908E872}.Release|Any CPU.Build.0 = Release|Any CPU
		{B72E8D9D-A7F9-4101-AB58-AE9B3EFE4F08}.Debug|Any CPU.ActiveCfg = Debug|Any CPU
		{B72E8D9D-A7F9-4101-AB58-AE9B3EFE4F08}.Debug|Any CPU.Build.0 = Debug|Any CPU
		{B72E8D9D-A7F9-4101-AB58-AE9B3EFE4F08}.Release|Any CPU.ActiveCfg = Release|Any CPU
		{B72E8D9D-A7F9-4101-AB58-AE9B3EFE4F08}.Release|Any CPU.Build.0 = Release|Any CPU
		{A682ADFA-E17D-44A0-963C-4E57925CB825}.Debug|Any CPU.ActiveCfg = Debug|Any CPU
		{A682ADFA-E17D-44A0-963C-4E57925CB825}.Debug|Any CPU.Build.0 = Debug|Any CPU
		{A682ADFA-E17D-44A0-963C-4E57925CB825}.Release|Any CPU.ActiveCfg = Release|Any CPU
		{A682ADFA-E17D-44A0-963C-4E57925CB825}.Release|Any CPU.Build.0 = Release|Any CPU
		{615B8990-91BF-4964-AC19-B95F19D3327A}.Debug|Any CPU.ActiveCfg = Debug|Any CPU
		{615B8990-91BF-4964-AC19-B95F19D3327A}.Debug|Any CPU.Build.0 = Debug|Any CPU
		{615B8990-91BF-4964-AC19-B95F19D3327A}.Release|Any CPU.ActiveCfg = Release|Any CPU
		{615B8990-91BF-4964-AC19-B95F19D3327A}.Release|Any CPU.Build.0 = Release|Any CPU
		{10AE1472-0405-4B44-ABE6-26F47099D0BE}.Debug|Any CPU.ActiveCfg = Debug|Any CPU
		{10AE1472-0405-4B44-ABE6-26F47099D0BE}.Debug|Any CPU.Build.0 = Debug|Any CPU
		{10AE1472-0405-4B44-ABE6-26F47099D0BE}.Release|Any CPU.ActiveCfg = Release|Any CPU
		{10AE1472-0405-4B44-ABE6-26F47099D0BE}.Release|Any CPU.Build.0 = Release|Any CPU
		{5CECC05C-3328-4EDF-B3A1-473A71FEE238}.Debug|Any CPU.ActiveCfg = Debug|Any CPU
		{5CECC05C-3328-4EDF-B3A1-473A71FEE238}.Debug|Any CPU.Build.0 = Debug|Any CPU
		{5CECC05C-3328-4EDF-B3A1-473A71FEE238}.Release|Any CPU.ActiveCfg = Release|Any CPU
		{5CECC05C-3328-4EDF-B3A1-473A71FEE238}.Release|Any CPU.Build.0 = Release|Any CPU
	EndGlobalSection
EndGlobal
